// !$*UTF8*$!
{
	archiveVersion = 1;
	classes = {
	};
	objectVersion = 51;
	objects = {

/* Begin PBXBuildFile section */
		12A9A69D8B38EF81C1887F4C /* Pods_Life_in_Bible.framework in Frameworks */ = {isa = PBXBuildFile; fileRef = E38FF65232D10CB68BBE4C75 /* Pods_Life_in_Bible.framework */; };
		6324F1E305BEC872EAA9B66E /* Pods_Life_in_BibleTests.framework in Frameworks */ = {isa = PBXBuildFile; fileRef = F633D30D5038BEA1DCD222B2 /* Pods_Life_in_BibleTests.framework */; };
		7A9CDAEF23746292003D4FDF /* AppDelegate.swift in Sources */ = {isa = PBXBuildFile; fileRef = 7A9CDAEE23746292003D4FDF /* AppDelegate.swift */; };
		7A9CDAF123746292003D4FDF /* SceneDelegate.swift in Sources */ = {isa = PBXBuildFile; fileRef = 7A9CDAF023746292003D4FDF /* SceneDelegate.swift */; };
		7A9CDAF623746292003D4FDF /* Main.storyboard in Resources */ = {isa = PBXBuildFile; fileRef = 7A9CDAF423746292003D4FDF /* Main.storyboard */; };
		7A9CDAF823746294003D4FDF /* Assets.xcassets in Resources */ = {isa = PBXBuildFile; fileRef = 7A9CDAF723746294003D4FDF /* Assets.xcassets */; };
		7A9CDAFB23746294003D4FDF /* LaunchScreen.storyboard in Resources */ = {isa = PBXBuildFile; fileRef = 7A9CDAF923746294003D4FDF /* LaunchScreen.storyboard */; };
		7A9CDB0623746294003D4FDF /* Life_in_BibleTests.swift in Sources */ = {isa = PBXBuildFile; fileRef = 7A9CDB0523746294003D4FDF /* Life_in_BibleTests.swift */; };
		7A9CDB1123746294003D4FDF /* Life_in_BibleUITests.swift in Sources */ = {isa = PBXBuildFile; fileRef = 7A9CDB1023746294003D4FDF /* Life_in_BibleUITests.swift */; };
		A00F8C1E237C4E2E0097C968 /* IDETemplate.plist in Resources */ = {isa = PBXBuildFile; fileRef = A00F8C1D237C4E2E0097C968 /* IDETemplate.plist */; };
		A00F8C25237DA88E0097C968 /* Book.swift in Sources */ = {isa = PBXBuildFile; fileRef = A00F8C24237DA88E0097C968 /* Book.swift */; };
		A00F8C27237DA99E0097C968 /* Chapters.swift in Sources */ = {isa = PBXBuildFile; fileRef = A00F8C26237DA99E0097C968 /* Chapters.swift */; };
		A00F8C29237DA9BD0097C968 /* Verses.swift in Sources */ = {isa = PBXBuildFile; fileRef = A00F8C28237DA9BD0097C968 /* Verses.swift */; };
		A00F8C2B237DAA9F0097C968 /* BooksTableViewController.swift in Sources */ = {isa = PBXBuildFile; fileRef = A00F8C2A237DAA9F0097C968 /* BooksTableViewController.swift */; };
		A05BFF1D23901FB50050C59D /* BookTableViewCell.swift in Sources */ = {isa = PBXBuildFile; fileRef = A05BFF1C23901FB50050C59D /* BookTableViewCell.swift */; };
		A0B51400238EBFB800FE8908 /* ViewController.swift in Sources */ = {isa = PBXBuildFile; fileRef = A0B513FF238EBFB800FE8908 /* ViewController.swift */; };
		A0B51402238ED96200FE8908 /* ChaptersCollectionViewController.swift in Sources */ = {isa = PBXBuildFile; fileRef = A0B51401238ED96200FE8908 /* ChaptersCollectionViewController.swift */; };
		A0B51404238EDA6C00FE8908 /* ChapterCollectionViewCell.swift in Sources */ = {isa = PBXBuildFile; fileRef = A0B51403238EDA6C00FE8908 /* ChapterCollectionViewCell.swift */; };
		A0D62038237B1CC800F67BBB /* MapBoxViewController.swift in Sources */ = {isa = PBXBuildFile; fileRef = A0D62037237B1CC800F67BBB /* MapBoxViewController.swift */; };
		DB246D607D70CB58CA2B3234 /* Pods_Life_in_Bible_Life_in_BibleUITests.framework in Frameworks */ = {isa = PBXBuildFile; fileRef = 4E4EAA7701907B970FD7724C /* Pods_Life_in_Bible_Life_in_BibleUITests.framework */; };
		EA51EE8B23A6838500D11E65 /* VerseTableViewCell.swift in Sources */ = {isa = PBXBuildFile; fileRef = EA51EE8A23A6838500D11E65 /* VerseTableViewCell.swift */; };
		EA51EE8D23A6854500D11E65 /* VerseTableViewController.swift in Sources */ = {isa = PBXBuildFile; fileRef = EA51EE8C23A6854500D11E65 /* VerseTableViewController.swift */; };
		EAE1733A23A127B200409AB5 /* CustomButton.swift in Sources */ = {isa = PBXBuildFile; fileRef = EAE1733923A127B200409AB5 /* CustomButton.swift */; };
/* End PBXBuildFile section */

/* Begin PBXContainerItemProxy section */
		7A9CDB0223746294003D4FDF /* PBXContainerItemProxy */ = {
			isa = PBXContainerItemProxy;
			containerPortal = 7A9CDAE323746292003D4FDF /* Project object */;
			proxyType = 1;
			remoteGlobalIDString = 7A9CDAEA23746292003D4FDF;
			remoteInfo = Life_in_Bible;
		};
		7A9CDB0D23746294003D4FDF /* PBXContainerItemProxy */ = {
			isa = PBXContainerItemProxy;
			containerPortal = 7A9CDAE323746292003D4FDF /* Project object */;
			proxyType = 1;
			remoteGlobalIDString = 7A9CDAEA23746292003D4FDF;
			remoteInfo = Life_in_Bible;
		};
/* End PBXContainerItemProxy section */

/* Begin PBXFileReference section */
		4E4EAA7701907B970FD7724C /* Pods_Life_in_Bible_Life_in_BibleUITests.framework */ = {isa = PBXFileReference; explicitFileType = wrapper.framework; includeInIndex = 0; path = Pods_Life_in_Bible_Life_in_BibleUITests.framework; sourceTree = BUILT_PRODUCTS_DIR; };
		5B41A32F69DB19C19107521F /* Pods-Life_in_Bible.release.xcconfig */ = {isa = PBXFileReference; includeInIndex = 1; lastKnownFileType = text.xcconfig; name = "Pods-Life_in_Bible.release.xcconfig"; path = "Target Support Files/Pods-Life_in_Bible/Pods-Life_in_Bible.release.xcconfig"; sourceTree = "<group>"; };
		6A7C083A80151F6A3C759F37 /* Pods-Life_in_Bible.debug.xcconfig */ = {isa = PBXFileReference; includeInIndex = 1; lastKnownFileType = text.xcconfig; name = "Pods-Life_in_Bible.debug.xcconfig"; path = "Target Support Files/Pods-Life_in_Bible/Pods-Life_in_Bible.debug.xcconfig"; sourceTree = "<group>"; };
		777D1FACFC3BF3B0AF1F25DE /* Pods-Life_in_Bible-Life_in_BibleUITests.debug.xcconfig */ = {isa = PBXFileReference; includeInIndex = 1; lastKnownFileType = text.xcconfig; name = "Pods-Life_in_Bible-Life_in_BibleUITests.debug.xcconfig"; path = "Target Support Files/Pods-Life_in_Bible-Life_in_BibleUITests/Pods-Life_in_Bible-Life_in_BibleUITests.debug.xcconfig"; sourceTree = "<group>"; };
		7A9CDAEB23746292003D4FDF /* Life_in_Bible.app */ = {isa = PBXFileReference; explicitFileType = wrapper.application; includeInIndex = 0; path = Life_in_Bible.app; sourceTree = BUILT_PRODUCTS_DIR; };
		7A9CDAEE23746292003D4FDF /* AppDelegate.swift */ = {isa = PBXFileReference; lastKnownFileType = sourcecode.swift; path = AppDelegate.swift; sourceTree = "<group>"; };
		7A9CDAF023746292003D4FDF /* SceneDelegate.swift */ = {isa = PBXFileReference; lastKnownFileType = sourcecode.swift; path = SceneDelegate.swift; sourceTree = "<group>"; };
		7A9CDAF523746292003D4FDF /* Base */ = {isa = PBXFileReference; lastKnownFileType = file.storyboard; name = Base; path = Base.lproj/Main.storyboard; sourceTree = "<group>"; };
		7A9CDAF723746294003D4FDF /* Assets.xcassets */ = {isa = PBXFileReference; lastKnownFileType = folder.assetcatalog; path = Assets.xcassets; sourceTree = "<group>"; };
		7A9CDAFA23746294003D4FDF /* Base */ = {isa = PBXFileReference; lastKnownFileType = file.storyboard; name = Base; path = Base.lproj/LaunchScreen.storyboard; sourceTree = "<group>"; };
		7A9CDAFC23746294003D4FDF /* Info.plist */ = {isa = PBXFileReference; lastKnownFileType = text.plist.xml; path = Info.plist; sourceTree = "<group>"; };
		7A9CDB0123746294003D4FDF /* Life_in_BibleTests.xctest */ = {isa = PBXFileReference; explicitFileType = wrapper.cfbundle; includeInIndex = 0; path = Life_in_BibleTests.xctest; sourceTree = BUILT_PRODUCTS_DIR; };
		7A9CDB0523746294003D4FDF /* Life_in_BibleTests.swift */ = {isa = PBXFileReference; lastKnownFileType = sourcecode.swift; path = Life_in_BibleTests.swift; sourceTree = "<group>"; };
		7A9CDB0723746294003D4FDF /* Info.plist */ = {isa = PBXFileReference; lastKnownFileType = text.plist.xml; path = Info.plist; sourceTree = "<group>"; };
		7A9CDB0C23746294003D4FDF /* Life_in_BibleUITests.xctest */ = {isa = PBXFileReference; explicitFileType = wrapper.cfbundle; includeInIndex = 0; path = Life_in_BibleUITests.xctest; sourceTree = BUILT_PRODUCTS_DIR; };
		7A9CDB1023746294003D4FDF /* Life_in_BibleUITests.swift */ = {isa = PBXFileReference; lastKnownFileType = sourcecode.swift; path = Life_in_BibleUITests.swift; sourceTree = "<group>"; };
		7A9CDB1223746294003D4FDF /* Info.plist */ = {isa = PBXFileReference; lastKnownFileType = text.plist.xml; path = Info.plist; sourceTree = "<group>"; };
		825351FB9C6BB27F8F0ACA5D /* Pods-Life_in_BibleTests.debug.xcconfig */ = {isa = PBXFileReference; includeInIndex = 1; lastKnownFileType = text.xcconfig; name = "Pods-Life_in_BibleTests.debug.xcconfig"; path = "Target Support Files/Pods-Life_in_BibleTests/Pods-Life_in_BibleTests.debug.xcconfig"; sourceTree = "<group>"; };
		A00F8C1D237C4E2E0097C968 /* IDETemplate.plist */ = {isa = PBXFileReference; lastKnownFileType = text.plist.xml; path = IDETemplate.plist; sourceTree = "<group>"; };
		A00F8C24237DA88E0097C968 /* Book.swift */ = {isa = PBXFileReference; lastKnownFileType = sourcecode.swift; path = Book.swift; sourceTree = "<group>"; };
		A00F8C26237DA99E0097C968 /* Chapters.swift */ = {isa = PBXFileReference; lastKnownFileType = sourcecode.swift; path = Chapters.swift; sourceTree = "<group>"; };
		A00F8C28237DA9BD0097C968 /* Verses.swift */ = {isa = PBXFileReference; lastKnownFileType = sourcecode.swift; path = Verses.swift; sourceTree = "<group>"; };
		A00F8C2A237DAA9F0097C968 /* BooksTableViewController.swift */ = {isa = PBXFileReference; lastKnownFileType = sourcecode.swift; path = BooksTableViewController.swift; sourceTree = "<group>"; };
		A05BFF1C23901FB50050C59D /* BookTableViewCell.swift */ = {isa = PBXFileReference; lastKnownFileType = sourcecode.swift; path = BookTableViewCell.swift; sourceTree = "<group>"; };
		A0B513FF238EBFB800FE8908 /* ViewController.swift */ = {isa = PBXFileReference; lastKnownFileType = sourcecode.swift; path = ViewController.swift; sourceTree = "<group>"; };
		A0B51401238ED96200FE8908 /* ChaptersCollectionViewController.swift */ = {isa = PBXFileReference; lastKnownFileType = sourcecode.swift; path = ChaptersCollectionViewController.swift; sourceTree = "<group>"; };
		A0B51403238EDA6C00FE8908 /* ChapterCollectionViewCell.swift */ = {isa = PBXFileReference; lastKnownFileType = sourcecode.swift; path = ChapterCollectionViewCell.swift; sourceTree = "<group>"; };
		A0D62037237B1CC800F67BBB /* MapBoxViewController.swift */ = {isa = PBXFileReference; lastKnownFileType = sourcecode.swift; path = MapBoxViewController.swift; sourceTree = "<group>"; };
		E38FF65232D10CB68BBE4C75 /* Pods_Life_in_Bible.framework */ = {isa = PBXFileReference; explicitFileType = wrapper.framework; includeInIndex = 0; path = Pods_Life_in_Bible.framework; sourceTree = BUILT_PRODUCTS_DIR; };
		EA51EE8A23A6838500D11E65 /* VerseTableViewCell.swift */ = {isa = PBXFileReference; lastKnownFileType = sourcecode.swift; path = VerseTableViewCell.swift; sourceTree = "<group>"; };
		EA51EE8C23A6854500D11E65 /* VerseTableViewController.swift */ = {isa = PBXFileReference; lastKnownFileType = sourcecode.swift; path = VerseTableViewController.swift; sourceTree = "<group>"; };
		EAE1733923A127B200409AB5 /* CustomButton.swift */ = {isa = PBXFileReference; lastKnownFileType = sourcecode.swift; path = CustomButton.swift; sourceTree = "<group>"; };
		EC5A7172E579723429117F48 /* Pods-Life_in_BibleTests.release.xcconfig */ = {isa = PBXFileReference; includeInIndex = 1; lastKnownFileType = text.xcconfig; name = "Pods-Life_in_BibleTests.release.xcconfig"; path = "Target Support Files/Pods-Life_in_BibleTests/Pods-Life_in_BibleTests.release.xcconfig"; sourceTree = "<group>"; };
		F633D30D5038BEA1DCD222B2 /* Pods_Life_in_BibleTests.framework */ = {isa = PBXFileReference; explicitFileType = wrapper.framework; includeInIndex = 0; path = Pods_Life_in_BibleTests.framework; sourceTree = BUILT_PRODUCTS_DIR; };
		F67D72122FEB51178A8860DD /* Pods-Life_in_Bible-Life_in_BibleUITests.release.xcconfig */ = {isa = PBXFileReference; includeInIndex = 1; lastKnownFileType = text.xcconfig; name = "Pods-Life_in_Bible-Life_in_BibleUITests.release.xcconfig"; path = "Target Support Files/Pods-Life_in_Bible-Life_in_BibleUITests/Pods-Life_in_Bible-Life_in_BibleUITests.release.xcconfig"; sourceTree = "<group>"; };
/* End PBXFileReference section */

/* Begin PBXFrameworksBuildPhase section */
		7A9CDAE823746292003D4FDF /* Frameworks */ = {
			isa = PBXFrameworksBuildPhase;
			buildActionMask = 2147483647;
			files = (
				12A9A69D8B38EF81C1887F4C /* Pods_Life_in_Bible.framework in Frameworks */,
			);
			runOnlyForDeploymentPostprocessing = 0;
		};
		7A9CDAFE23746294003D4FDF /* Frameworks */ = {
			isa = PBXFrameworksBuildPhase;
			buildActionMask = 2147483647;
			files = (
				6324F1E305BEC872EAA9B66E /* Pods_Life_in_BibleTests.framework in Frameworks */,
			);
			runOnlyForDeploymentPostprocessing = 0;
		};
		7A9CDB0923746294003D4FDF /* Frameworks */ = {
			isa = PBXFrameworksBuildPhase;
			buildActionMask = 2147483647;
			files = (
				DB246D607D70CB58CA2B3234 /* Pods_Life_in_Bible_Life_in_BibleUITests.framework in Frameworks */,
			);
			runOnlyForDeploymentPostprocessing = 0;
		};
/* End PBXFrameworksBuildPhase section */

/* Begin PBXGroup section */
		3B4EFB5839522D6B7A08D118 /* Frameworks */ = {
			isa = PBXGroup;
			children = (
				E38FF65232D10CB68BBE4C75 /* Pods_Life_in_Bible.framework */,
				4E4EAA7701907B970FD7724C /* Pods_Life_in_Bible_Life_in_BibleUITests.framework */,
				F633D30D5038BEA1DCD222B2 /* Pods_Life_in_BibleTests.framework */,
			);
			name = Frameworks;
			sourceTree = "<group>";
		};
		7A9CDAE223746292003D4FDF = {
			isa = PBXGroup;
			children = (
				A00F8C1D237C4E2E0097C968 /* IDETemplate.plist */,
				7A9CDAED23746292003D4FDF /* Life_in_Bible */,
				7A9CDB0423746294003D4FDF /* Life_in_BibleTests */,
				7A9CDB0F23746294003D4FDF /* Life_in_BibleUITests */,
				7A9CDAEC23746292003D4FDF /* Products */,
				8165F65429D949756DA02917 /* Pods */,
				3B4EFB5839522D6B7A08D118 /* Frameworks */,
			);
			sourceTree = "<group>";
		};
		7A9CDAEC23746292003D4FDF /* Products */ = {
			isa = PBXGroup;
			children = (
				7A9CDAEB23746292003D4FDF /* Life_in_Bible.app */,
				7A9CDB0123746294003D4FDF /* Life_in_BibleTests.xctest */,
				7A9CDB0C23746294003D4FDF /* Life_in_BibleUITests.xctest */,
			);
			name = Products;
			sourceTree = "<group>";
		};
		7A9CDAED23746292003D4FDF /* Life_in_Bible */ = {
			isa = PBXGroup;
			children = (
				7A9CDAEE23746292003D4FDF /* AppDelegate.swift */,
				7A9CDAF023746292003D4FDF /* SceneDelegate.swift */,
				A05BFF19238F39960050C59D /* Custom cell */,
				A00F8C23237DA8110097C968 /* Model */,
				A0D62036237B1C6700F67BBB /* Controllers */,
				7A9CDAF423746292003D4FDF /* Main.storyboard */,
				EAE1733923A127B200409AB5 /* CustomButton.swift */,
				7A9CDAF723746294003D4FDF /* Assets.xcassets */,
				7A9CDAF923746294003D4FDF /* LaunchScreen.storyboard */,
				7A9CDAFC23746294003D4FDF /* Info.plist */,
			);
			path = Life_in_Bible;
			sourceTree = "<group>";
		};
		7A9CDB0423746294003D4FDF /* Life_in_BibleTests */ = {
			isa = PBXGroup;
			children = (
				7A9CDB0523746294003D4FDF /* Life_in_BibleTests.swift */,
				7A9CDB0723746294003D4FDF /* Info.plist */,
			);
			path = Life_in_BibleTests;
			sourceTree = "<group>";
		};
		7A9CDB0F23746294003D4FDF /* Life_in_BibleUITests */ = {
			isa = PBXGroup;
			children = (
				7A9CDB1023746294003D4FDF /* Life_in_BibleUITests.swift */,
				7A9CDB1223746294003D4FDF /* Info.plist */,
			);
			path = Life_in_BibleUITests;
			sourceTree = "<group>";
		};
		8165F65429D949756DA02917 /* Pods */ = {
			isa = PBXGroup;
			children = (
				6A7C083A80151F6A3C759F37 /* Pods-Life_in_Bible.debug.xcconfig */,
				5B41A32F69DB19C19107521F /* Pods-Life_in_Bible.release.xcconfig */,
				777D1FACFC3BF3B0AF1F25DE /* Pods-Life_in_Bible-Life_in_BibleUITests.debug.xcconfig */,
				F67D72122FEB51178A8860DD /* Pods-Life_in_Bible-Life_in_BibleUITests.release.xcconfig */,
				825351FB9C6BB27F8F0ACA5D /* Pods-Life_in_BibleTests.debug.xcconfig */,
				EC5A7172E579723429117F48 /* Pods-Life_in_BibleTests.release.xcconfig */,
			);
			path = Pods;
			sourceTree = "<group>";
		};
		A00F8C23237DA8110097C968 /* Model */ = {
			isa = PBXGroup;
			children = (
				A00F8C24237DA88E0097C968 /* Book.swift */,
				A00F8C26237DA99E0097C968 /* Chapters.swift */,
				A00F8C28237DA9BD0097C968 /* Verses.swift */,
			);
			path = Model;
			sourceTree = "<group>";
		};
		A05BFF19238F39960050C59D /* Custom cell */ = {
			isa = PBXGroup;
			children = (
				A05BFF1C23901FB50050C59D /* BookTableViewCell.swift */,
				A0B51403238EDA6C00FE8908 /* ChapterCollectionViewCell.swift */,
				EA51EE8A23A6838500D11E65 /* VerseTableViewCell.swift */,
			);
			path = "Custom cell";
			sourceTree = "<group>";
		};
		A0D62036237B1C6700F67BBB /* Controllers */ = {
			isa = PBXGroup;
			children = (
				A0B513FF238EBFB800FE8908 /* ViewController.swift */,
				A00F8C2A237DAA9F0097C968 /* BooksTableViewController.swift */,
				A0B51401238ED96200FE8908 /* ChaptersCollectionViewController.swift */,
				A0D62037237B1CC800F67BBB /* MapBoxViewController.swift */,
				EA51EE8C23A6854500D11E65 /* VerseTableViewController.swift */,
			);
			name = Controllers;
			sourceTree = "<group>";
		};
/* End PBXGroup section */

/* Begin PBXNativeTarget section */
		7A9CDAEA23746292003D4FDF /* Life_in_Bible */ = {
			isa = PBXNativeTarget;
			buildConfigurationList = 7A9CDB1523746294003D4FDF /* Build configuration list for PBXNativeTarget "Life_in_Bible" */;
			buildPhases = (
				9E78E7871027753576B30C2A /* [CP] Check Pods Manifest.lock */,
				7A9CDAE723746292003D4FDF /* Sources */,
				7A9CDAE823746292003D4FDF /* Frameworks */,
				7A9CDAE923746292003D4FDF /* Resources */,
				A57C549DC319B998EF0861FE /* [CP] Embed Pods Frameworks */,
			);
			buildRules = (
			);
			dependencies = (
			);
			name = Life_in_Bible;
			productName = Life_in_Bible;
			productReference = 7A9CDAEB23746292003D4FDF /* Life_in_Bible.app */;
			productType = "com.apple.product-type.application";
		};
		7A9CDB0023746294003D4FDF /* Life_in_BibleTests */ = {
			isa = PBXNativeTarget;
			buildConfigurationList = 7A9CDB1823746294003D4FDF /* Build configuration list for PBXNativeTarget "Life_in_BibleTests" */;
			buildPhases = (
				580854CD727DCC8FB6F653DD /* [CP] Check Pods Manifest.lock */,
				7A9CDAFD23746294003D4FDF /* Sources */,
				7A9CDAFE23746294003D4FDF /* Frameworks */,
				7A9CDAFF23746294003D4FDF /* Resources */,
			);
			buildRules = (
			);
			dependencies = (
				7A9CDB0323746294003D4FDF /* PBXTargetDependency */,
			);
			name = Life_in_BibleTests;
			productName = Life_in_BibleTests;
			productReference = 7A9CDB0123746294003D4FDF /* Life_in_BibleTests.xctest */;
			productType = "com.apple.product-type.bundle.unit-test";
		};
		7A9CDB0B23746294003D4FDF /* Life_in_BibleUITests */ = {
			isa = PBXNativeTarget;
			buildConfigurationList = 7A9CDB1B23746294003D4FDF /* Build configuration list for PBXNativeTarget "Life_in_BibleUITests" */;
			buildPhases = (
				F76A0F973A41DEB0711E326E /* [CP] Check Pods Manifest.lock */,
				7A9CDB0823746294003D4FDF /* Sources */,
				7A9CDB0923746294003D4FDF /* Frameworks */,
				7A9CDB0A23746294003D4FDF /* Resources */,
				D3007FDFC6C8BF278687C7E2 /* [CP] Embed Pods Frameworks */,
			);
			buildRules = (
			);
			dependencies = (
				7A9CDB0E23746294003D4FDF /* PBXTargetDependency */,
			);
			name = Life_in_BibleUITests;
			productName = Life_in_BibleUITests;
			productReference = 7A9CDB0C23746294003D4FDF /* Life_in_BibleUITests.xctest */;
			productType = "com.apple.product-type.bundle.ui-testing";
		};
/* End PBXNativeTarget section */

/* Begin PBXProject section */
		7A9CDAE323746292003D4FDF /* Project object */ = {
			isa = PBXProject;
			attributes = {
				LastSwiftUpdateCheck = 1100;
				LastUpgradeCheck = 1100;
				ORGANIZATIONNAME = "Mohammad Saiful Kabir";
				TargetAttributes = {
					7A9CDAEA23746292003D4FDF = {
						CreatedOnToolsVersion = 11.0;
					};
					7A9CDB0023746294003D4FDF = {
						CreatedOnToolsVersion = 11.0;
						TestTargetID = 7A9CDAEA23746292003D4FDF;
					};
					7A9CDB0B23746294003D4FDF = {
						CreatedOnToolsVersion = 11.0;
						TestTargetID = 7A9CDAEA23746292003D4FDF;
					};
				};
			};
			buildConfigurationList = 7A9CDAE623746292003D4FDF /* Build configuration list for PBXProject "Life_in_Bible" */;
			compatibilityVersion = "Xcode 9.3";
			developmentRegion = en;
			hasScannedForEncodings = 0;
			knownRegions = (
				en,
				Base,
			);
			mainGroup = 7A9CDAE223746292003D4FDF;
			productRefGroup = 7A9CDAEC23746292003D4FDF /* Products */;
			projectDirPath = "";
			projectRoot = "";
			targets = (
				7A9CDAEA23746292003D4FDF /* Life_in_Bible */,
				7A9CDB0023746294003D4FDF /* Life_in_BibleTests */,
				7A9CDB0B23746294003D4FDF /* Life_in_BibleUITests */,
			);
		};
/* End PBXProject section */

/* Begin PBXResourcesBuildPhase section */
		7A9CDAE923746292003D4FDF /* Resources */ = {
			isa = PBXResourcesBuildPhase;
			buildActionMask = 2147483647;
			files = (
				7A9CDAFB23746294003D4FDF /* LaunchScreen.storyboard in Resources */,
				A00F8C1E237C4E2E0097C968 /* IDETemplate.plist in Resources */,
				7A9CDAF823746294003D4FDF /* Assets.xcassets in Resources */,
				7A9CDAF623746292003D4FDF /* Main.storyboard in Resources */,
			);
			runOnlyForDeploymentPostprocessing = 0;
		};
		7A9CDAFF23746294003D4FDF /* Resources */ = {
			isa = PBXResourcesBuildPhase;
			buildActionMask = 2147483647;
			files = (
			);
			runOnlyForDeploymentPostprocessing = 0;
		};
		7A9CDB0A23746294003D4FDF /* Resources */ = {
			isa = PBXResourcesBuildPhase;
			buildActionMask = 2147483647;
			files = (
			);
			runOnlyForDeploymentPostprocessing = 0;
		};
/* End PBXResourcesBuildPhase section */

/* Begin PBXShellScriptBuildPhase section */
		580854CD727DCC8FB6F653DD /* [CP] Check Pods Manifest.lock */ = {
			isa = PBXShellScriptBuildPhase;
			buildActionMask = 2147483647;
			files = (
			);
			inputFileListPaths = (
			);
			inputPaths = (
				"${PODS_PODFILE_DIR_PATH}/Podfile.lock",
				"${PODS_ROOT}/Manifest.lock",
			);
			name = "[CP] Check Pods Manifest.lock";
			outputFileListPaths = (
			);
			outputPaths = (
				"$(DERIVED_FILE_DIR)/Pods-Life_in_BibleTests-checkManifestLockResult.txt",
			);
			runOnlyForDeploymentPostprocessing = 0;
			shellPath = /bin/sh;
			shellScript = "diff \"${PODS_PODFILE_DIR_PATH}/Podfile.lock\" \"${PODS_ROOT}/Manifest.lock\" > /dev/null\nif [ $? != 0 ] ; then\n    # print error to STDERR\n    echo \"error: The sandbox is not in sync with the Podfile.lock. Run 'pod install' or update your CocoaPods installation.\" >&2\n    exit 1\nfi\n# This output is used by Xcode 'outputs' to avoid re-running this script phase.\necho \"SUCCESS\" > \"${SCRIPT_OUTPUT_FILE_0}\"\n";
			showEnvVarsInLog = 0;
		};
		9E78E7871027753576B30C2A /* [CP] Check Pods Manifest.lock */ = {
			isa = PBXShellScriptBuildPhase;
			buildActionMask = 2147483647;
			files = (
			);
			inputFileListPaths = (
			);
			inputPaths = (
				"${PODS_PODFILE_DIR_PATH}/Podfile.lock",
				"${PODS_ROOT}/Manifest.lock",
			);
			name = "[CP] Check Pods Manifest.lock";
			outputFileListPaths = (
			);
			outputPaths = (
				"$(DERIVED_FILE_DIR)/Pods-Life_in_Bible-checkManifestLockResult.txt",
			);
			runOnlyForDeploymentPostprocessing = 0;
			shellPath = /bin/sh;
			shellScript = "diff \"${PODS_PODFILE_DIR_PATH}/Podfile.lock\" \"${PODS_ROOT}/Manifest.lock\" > /dev/null\nif [ $? != 0 ] ; then\n    # print error to STDERR\n    echo \"error: The sandbox is not in sync with the Podfile.lock. Run 'pod install' or update your CocoaPods installation.\" >&2\n    exit 1\nfi\n# This output is used by Xcode 'outputs' to avoid re-running this script phase.\necho \"SUCCESS\" > \"${SCRIPT_OUTPUT_FILE_0}\"\n";
			showEnvVarsInLog = 0;
		};
		A57C549DC319B998EF0861FE /* [CP] Embed Pods Frameworks */ = {
			isa = PBXShellScriptBuildPhase;
			buildActionMask = 2147483647;
			files = (
			);
			inputFileListPaths = (
				"${PODS_ROOT}/Target Support Files/Pods-Life_in_Bible/Pods-Life_in_Bible-frameworks-${CONFIGURATION}-input-files.xcfilelist",
			);
			name = "[CP] Embed Pods Frameworks";
			outputFileListPaths = (
				"${PODS_ROOT}/Target Support Files/Pods-Life_in_Bible/Pods-Life_in_Bible-frameworks-${CONFIGURATION}-output-files.xcfilelist",
			);
			runOnlyForDeploymentPostprocessing = 0;
			shellPath = /bin/sh;
			shellScript = "\"${PODS_ROOT}/Target Support Files/Pods-Life_in_Bible/Pods-Life_in_Bible-frameworks.sh\"\n";
			showEnvVarsInLog = 0;
		};
		D3007FDFC6C8BF278687C7E2 /* [CP] Embed Pods Frameworks */ = {
			isa = PBXShellScriptBuildPhase;
			buildActionMask = 2147483647;
			files = (
			);
			inputFileListPaths = (
				"${PODS_ROOT}/Target Support Files/Pods-Life_in_Bible-Life_in_BibleUITests/Pods-Life_in_Bible-Life_in_BibleUITests-frameworks-${CONFIGURATION}-input-files.xcfilelist",
			);
			name = "[CP] Embed Pods Frameworks";
			outputFileListPaths = (
				"${PODS_ROOT}/Target Support Files/Pods-Life_in_Bible-Life_in_BibleUITests/Pods-Life_in_Bible-Life_in_BibleUITests-frameworks-${CONFIGURATION}-output-files.xcfilelist",
			);
			runOnlyForDeploymentPostprocessing = 0;
			shellPath = /bin/sh;
			shellScript = "\"${PODS_ROOT}/Target Support Files/Pods-Life_in_Bible-Life_in_BibleUITests/Pods-Life_in_Bible-Life_in_BibleUITests-frameworks.sh\"\n";
			showEnvVarsInLog = 0;
		};
		F76A0F973A41DEB0711E326E /* [CP] Check Pods Manifest.lock */ = {
			isa = PBXShellScriptBuildPhase;
			buildActionMask = 2147483647;
			files = (
			);
			inputFileListPaths = (
			);
			inputPaths = (
				"${PODS_PODFILE_DIR_PATH}/Podfile.lock",
				"${PODS_ROOT}/Manifest.lock",
			);
			name = "[CP] Check Pods Manifest.lock";
			outputFileListPaths = (
			);
			outputPaths = (
				"$(DERIVED_FILE_DIR)/Pods-Life_in_Bible-Life_in_BibleUITests-checkManifestLockResult.txt",
			);
			runOnlyForDeploymentPostprocessing = 0;
			shellPath = /bin/sh;
			shellScript = "diff \"${PODS_PODFILE_DIR_PATH}/Podfile.lock\" \"${PODS_ROOT}/Manifest.lock\" > /dev/null\nif [ $? != 0 ] ; then\n    # print error to STDERR\n    echo \"error: The sandbox is not in sync with the Podfile.lock. Run 'pod install' or update your CocoaPods installation.\" >&2\n    exit 1\nfi\n# This output is used by Xcode 'outputs' to avoid re-running this script phase.\necho \"SUCCESS\" > \"${SCRIPT_OUTPUT_FILE_0}\"\n";
			showEnvVarsInLog = 0;
		};
/* End PBXShellScriptBuildPhase section */

/* Begin PBXSourcesBuildPhase section */
		7A9CDAE723746292003D4FDF /* Sources */ = {
			isa = PBXSourcesBuildPhase;
			buildActionMask = 2147483647;
			files = (
				A0B51402238ED96200FE8908 /* ChaptersCollectionViewController.swift in Sources */,
				A0B51400238EBFB800FE8908 /* ViewController.swift in Sources */,
				A00F8C27237DA99E0097C968 /* Chapters.swift in Sources */,
				EAE1733A23A127B200409AB5 /* CustomButton.swift in Sources */,
				A05BFF1D23901FB50050C59D /* BookTableViewCell.swift in Sources */,
				EA51EE8B23A6838500D11E65 /* VerseTableViewCell.swift in Sources */,
				EA51EE8D23A6854500D11E65 /* VerseTableViewController.swift in Sources */,
				A00F8C29237DA9BD0097C968 /* Verses.swift in Sources */,
				7A9CDAEF23746292003D4FDF /* AppDelegate.swift in Sources */,
				7A9CDAF123746292003D4FDF /* SceneDelegate.swift in Sources */,
				A0D62038237B1CC800F67BBB /* MapBoxViewController.swift in Sources */,
				A00F8C2B237DAA9F0097C968 /* BooksTableViewController.swift in Sources */,
				A0B51404238EDA6C00FE8908 /* ChapterCollectionViewCell.swift in Sources */,
				A00F8C25237DA88E0097C968 /* Book.swift in Sources */,
			);
			runOnlyForDeploymentPostprocessing = 0;
		};
		7A9CDAFD23746294003D4FDF /* Sources */ = {
			isa = PBXSourcesBuildPhase;
			buildActionMask = 2147483647;
			files = (
				7A9CDB0623746294003D4FDF /* Life_in_BibleTests.swift in Sources */,
			);
			runOnlyForDeploymentPostprocessing = 0;
		};
		7A9CDB0823746294003D4FDF /* Sources */ = {
			isa = PBXSourcesBuildPhase;
			buildActionMask = 2147483647;
			files = (
				7A9CDB1123746294003D4FDF /* Life_in_BibleUITests.swift in Sources */,
			);
			runOnlyForDeploymentPostprocessing = 0;
		};
/* End PBXSourcesBuildPhase section */

/* Begin PBXTargetDependency section */
		7A9CDB0323746294003D4FDF /* PBXTargetDependency */ = {
			isa = PBXTargetDependency;
			target = 7A9CDAEA23746292003D4FDF /* Life_in_Bible */;
			targetProxy = 7A9CDB0223746294003D4FDF /* PBXContainerItemProxy */;
		};
		7A9CDB0E23746294003D4FDF /* PBXTargetDependency */ = {
			isa = PBXTargetDependency;
			target = 7A9CDAEA23746292003D4FDF /* Life_in_Bible */;
			targetProxy = 7A9CDB0D23746294003D4FDF /* PBXContainerItemProxy */;
		};
/* End PBXTargetDependency section */

/* Begin PBXVariantGroup section */
		7A9CDAF423746292003D4FDF /* Main.storyboard */ = {
			isa = PBXVariantGroup;
			children = (
				7A9CDAF523746292003D4FDF /* Base */,
			);
			name = Main.storyboard;
			sourceTree = "<group>";
		};
		7A9CDAF923746294003D4FDF /* LaunchScreen.storyboard */ = {
			isa = PBXVariantGroup;
			children = (
				7A9CDAFA23746294003D4FDF /* Base */,
			);
			name = LaunchScreen.storyboard;
			sourceTree = "<group>";
		};
/* End PBXVariantGroup section */

/* Begin XCBuildConfiguration section */
		7A9CDB1323746294003D4FDF /* Debug */ = {
			isa = XCBuildConfiguration;
			buildSettings = {
				ALWAYS_SEARCH_USER_PATHS = NO;
				CLANG_ANALYZER_NONNULL = YES;
				CLANG_ANALYZER_NUMBER_OBJECT_CONVERSION = YES_AGGRESSIVE;
				CLANG_CXX_LANGUAGE_STANDARD = "gnu++14";
				CLANG_CXX_LIBRARY = "libc++";
				CLANG_ENABLE_MODULES = YES;
				CLANG_ENABLE_OBJC_ARC = YES;
				CLANG_ENABLE_OBJC_WEAK = YES;
				CLANG_WARN_BLOCK_CAPTURE_AUTORELEASING = YES;
				CLANG_WARN_BOOL_CONVERSION = YES;
				CLANG_WARN_COMMA = YES;
				CLANG_WARN_CONSTANT_CONVERSION = YES;
				CLANG_WARN_DEPRECATED_OBJC_IMPLEMENTATIONS = YES;
				CLANG_WARN_DIRECT_OBJC_ISA_USAGE = YES_ERROR;
				CLANG_WARN_DOCUMENTATION_COMMENTS = YES;
				CLANG_WARN_EMPTY_BODY = YES;
				CLANG_WARN_ENUM_CONVERSION = YES;
				CLANG_WARN_INFINITE_RECURSION = YES;
				CLANG_WARN_INT_CONVERSION = YES;
				CLANG_WARN_NON_LITERAL_NULL_CONVERSION = YES;
				CLANG_WARN_OBJC_IMPLICIT_RETAIN_SELF = YES;
				CLANG_WARN_OBJC_LITERAL_CONVERSION = YES;
				CLANG_WARN_OBJC_ROOT_CLASS = YES_ERROR;
				CLANG_WARN_RANGE_LOOP_ANALYSIS = YES;
				CLANG_WARN_STRICT_PROTOTYPES = YES;
				CLANG_WARN_SUSPICIOUS_MOVE = YES;
				CLANG_WARN_UNGUARDED_AVAILABILITY = YES_AGGRESSIVE;
				CLANG_WARN_UNREACHABLE_CODE = YES;
				CLANG_WARN__DUPLICATE_METHOD_MATCH = YES;
				COPY_PHASE_STRIP = NO;
				DEBUG_INFORMATION_FORMAT = dwarf;
				ENABLE_STRICT_OBJC_MSGSEND = YES;
				ENABLE_TESTABILITY = YES;
				GCC_C_LANGUAGE_STANDARD = gnu11;
				GCC_DYNAMIC_NO_PIC = NO;
				GCC_NO_COMMON_BLOCKS = YES;
				GCC_OPTIMIZATION_LEVEL = 0;
				GCC_PREPROCESSOR_DEFINITIONS = (
					"DEBUG=1",
					"$(inherited)",
				);
				GCC_WARN_64_TO_32_BIT_CONVERSION = YES;
				GCC_WARN_ABOUT_RETURN_TYPE = YES_ERROR;
				GCC_WARN_UNDECLARED_SELECTOR = YES;
				GCC_WARN_UNINITIALIZED_AUTOS = YES_AGGRESSIVE;
				GCC_WARN_UNUSED_FUNCTION = YES;
				GCC_WARN_UNUSED_VARIABLE = YES;
				IPHONEOS_DEPLOYMENT_TARGET = 13.0;
				MTL_ENABLE_DEBUG_INFO = INCLUDE_SOURCE;
				MTL_FAST_MATH = YES;
				ONLY_ACTIVE_ARCH = YES;
				SDKROOT = iphoneos;
				SWIFT_ACTIVE_COMPILATION_CONDITIONS = DEBUG;
				SWIFT_OPTIMIZATION_LEVEL = "-Onone";
			};
			name = Debug;
		};
		7A9CDB1423746294003D4FDF /* Release */ = {
			isa = XCBuildConfiguration;
			buildSettings = {
				ALWAYS_SEARCH_USER_PATHS = NO;
				CLANG_ANALYZER_NONNULL = YES;
				CLANG_ANALYZER_NUMBER_OBJECT_CONVERSION = YES_AGGRESSIVE;
				CLANG_CXX_LANGUAGE_STANDARD = "gnu++14";
				CLANG_CXX_LIBRARY = "libc++";
				CLANG_ENABLE_MODULES = YES;
				CLANG_ENABLE_OBJC_ARC = YES;
				CLANG_ENABLE_OBJC_WEAK = YES;
				CLANG_WARN_BLOCK_CAPTURE_AUTORELEASING = YES;
				CLANG_WARN_BOOL_CONVERSION = YES;
				CLANG_WARN_COMMA = YES;
				CLANG_WARN_CONSTANT_CONVERSION = YES;
				CLANG_WARN_DEPRECATED_OBJC_IMPLEMENTATIONS = YES;
				CLANG_WARN_DIRECT_OBJC_ISA_USAGE = YES_ERROR;
				CLANG_WARN_DOCUMENTATION_COMMENTS = YES;
				CLANG_WARN_EMPTY_BODY = YES;
				CLANG_WARN_ENUM_CONVERSION = YES;
				CLANG_WARN_INFINITE_RECURSION = YES;
				CLANG_WARN_INT_CONVERSION = YES;
				CLANG_WARN_NON_LITERAL_NULL_CONVERSION = YES;
				CLANG_WARN_OBJC_IMPLICIT_RETAIN_SELF = YES;
				CLANG_WARN_OBJC_LITERAL_CONVERSION = YES;
				CLANG_WARN_OBJC_ROOT_CLASS = YES_ERROR;
				CLANG_WARN_RANGE_LOOP_ANALYSIS = YES;
				CLANG_WARN_STRICT_PROTOTYPES = YES;
				CLANG_WARN_SUSPICIOUS_MOVE = YES;
				CLANG_WARN_UNGUARDED_AVAILABILITY = YES_AGGRESSIVE;
				CLANG_WARN_UNREACHABLE_CODE = YES;
				CLANG_WARN__DUPLICATE_METHOD_MATCH = YES;
				COPY_PHASE_STRIP = NO;
				DEBUG_INFORMATION_FORMAT = "dwarf-with-dsym";
				ENABLE_NS_ASSERTIONS = NO;
				ENABLE_STRICT_OBJC_MSGSEND = YES;
				GCC_C_LANGUAGE_STANDARD = gnu11;
				GCC_NO_COMMON_BLOCKS = YES;
				GCC_WARN_64_TO_32_BIT_CONVERSION = YES;
				GCC_WARN_ABOUT_RETURN_TYPE = YES_ERROR;
				GCC_WARN_UNDECLARED_SELECTOR = YES;
				GCC_WARN_UNINITIALIZED_AUTOS = YES_AGGRESSIVE;
				GCC_WARN_UNUSED_FUNCTION = YES;
				GCC_WARN_UNUSED_VARIABLE = YES;
				IPHONEOS_DEPLOYMENT_TARGET = 13.0;
				MTL_ENABLE_DEBUG_INFO = NO;
				MTL_FAST_MATH = YES;
				SDKROOT = iphoneos;
				SWIFT_COMPILATION_MODE = wholemodule;
				SWIFT_OPTIMIZATION_LEVEL = "-O";
				VALIDATE_PRODUCT = YES;
			};
			name = Release;
		};
		7A9CDB1623746294003D4FDF /* Debug */ = {
			isa = XCBuildConfiguration;
			baseConfigurationReference = 6A7C083A80151F6A3C759F37 /* Pods-Life_in_Bible.debug.xcconfig */;
			buildSettings = {
				ASSETCATALOG_COMPILER_APPICON_NAME = AppIcon;
				CODE_SIGN_STYLE = Automatic;
				INFOPLIST_FILE = Life_in_Bible/Info.plist;
				LD_RUNPATH_SEARCH_PATHS = (
					"$(inherited)",
					"@executable_path/Frameworks",
				);
				PRODUCT_BUNDLE_IDENTIFIER = "Ipl.Life-in-Bible";
				PRODUCT_NAME = "$(TARGET_NAME)";
				SWIFT_VERSION = 5.0;
				TARGETED_DEVICE_FAMILY = "1,2";
			};
			name = Debug;
		};
		7A9CDB1723746294003D4FDF /* Release */ = {
			isa = XCBuildConfiguration;
			baseConfigurationReference = 5B41A32F69DB19C19107521F /* Pods-Life_in_Bible.release.xcconfig */;
			buildSettings = {
				ASSETCATALOG_COMPILER_APPICON_NAME = AppIcon;
				CODE_SIGN_STYLE = Automatic;
				INFOPLIST_FILE = Life_in_Bible/Info.plist;
				LD_RUNPATH_SEARCH_PATHS = (
					"$(inherited)",
					"@executable_path/Frameworks",
				);
				PRODUCT_BUNDLE_IDENTIFIER = "Ipl.Life-in-Bible";
				PRODUCT_NAME = "$(TARGET_NAME)";
				SWIFT_VERSION = 5.0;
				TARGETED_DEVICE_FAMILY = "1,2";
			};
			name = Release;
		};
		7A9CDB1923746294003D4FDF /* Debug */ = {
			isa = XCBuildConfiguration;
			baseConfigurationReference = 825351FB9C6BB27F8F0ACA5D /* Pods-Life_in_BibleTests.debug.xcconfig */;
			buildSettings = {
				ALWAYS_EMBED_SWIFT_STANDARD_LIBRARIES = YES;
				BUNDLE_LOADER = "$(TEST_HOST)";
				CODE_SIGN_STYLE = Automatic;
				INFOPLIST_FILE = Life_in_BibleTests/Info.plist;
				IPHONEOS_DEPLOYMENT_TARGET = 13.0;
				LD_RUNPATH_SEARCH_PATHS = (
					"$(inherited)",
					"@executable_path/Frameworks",
					"@loader_path/Frameworks",
				);
				PRODUCT_BUNDLE_IDENTIFIER = "Ipl.Life-in-BibleTests";
				PRODUCT_NAME = "$(TARGET_NAME)";
				SWIFT_VERSION = 5.0;
				TARGETED_DEVICE_FAMILY = "1,2";
				TEST_HOST = "$(BUILT_PRODUCTS_DIR)/Life_in_Bible.app/Life_in_Bible";
			};
			name = Debug;
		};
		7A9CDB1A23746294003D4FDF /* Release */ = {
			isa = XCBuildConfiguration;
			baseConfigurationReference = EC5A7172E579723429117F48 /* Pods-Life_in_BibleTests.release.xcconfig */;
			buildSettings = {
				ALWAYS_EMBED_SWIFT_STANDARD_LIBRARIES = YES;
				BUNDLE_LOADER = "$(TEST_HOST)";
				CODE_SIGN_STYLE = Automatic;
				INFOPLIST_FILE = Life_in_BibleTests/Info.plist;
				IPHONEOS_DEPLOYMENT_TARGET = 13.0;
				LD_RUNPATH_SEARCH_PATHS = (
					"$(inherited)",
					"@executable_path/Frameworks",
					"@loader_path/Frameworks",
				);
				PRODUCT_BUNDLE_IDENTIFIER = "Ipl.Life-in-BibleTests";
				PRODUCT_NAME = "$(TARGET_NAME)";
				SWIFT_VERSION = 5.0;
				TARGETED_DEVICE_FAMILY = "1,2";
				TEST_HOST = "$(BUILT_PRODUCTS_DIR)/Life_in_Bible.app/Life_in_Bible";
			};
			name = Release;
		};
		7A9CDB1C23746294003D4FDF /* Debug */ = {
			isa = XCBuildConfiguration;
			baseConfigurationReference = 777D1FACFC3BF3B0AF1F25DE /* Pods-Life_in_Bible-Life_in_BibleUITests.debug.xcconfig */;
			buildSettings = {
				ALWAYS_EMBED_SWIFT_STANDARD_LIBRARIES = YES;
				CODE_SIGN_STYLE = Automatic;
				INFOPLIST_FILE = Life_in_BibleUITests/Info.plist;
				LD_RUNPATH_SEARCH_PATHS = (
					"$(inherited)",
					"@executable_path/Frameworks",
					"@loader_path/Frameworks",
				);
				PRODUCT_BUNDLE_IDENTIFIER = "Ipl.Life-in-BibleUITests";
				PRODUCT_NAME = "$(TARGET_NAME)";
				SWIFT_VERSION = 5.0;
				TARGETED_DEVICE_FAMILY = "1,2";
				TEST_TARGET_NAME = Life_in_Bible;
			};
			name = Debug;
		};
		7A9CDB1D23746294003D4FDF /* Release */ = {
			isa = XCBuildConfiguration;
			baseConfigurationReference = F67D72122FEB51178A8860DD /* Pods-Life_in_Bible-Life_in_BibleUITests.release.xcconfig */;
			buildSettings = {
				ALWAYS_EMBED_SWIFT_STANDARD_LIBRARIES = YES;
				CODE_SIGN_STYLE = Automatic;
				INFOPLIST_FILE = Life_in_BibleUITests/Info.plist;
				LD_RUNPATH_SEARCH_PATHS = (
					"$(inherited)",
					"@executable_path/Frameworks",
					"@loader_path/Frameworks",
				);
				PRODUCT_BUNDLE_IDENTIFIER = "Ipl.Life-in-BibleUITests";
				PRODUCT_NAME = "$(TARGET_NAME)";
				SWIFT_VERSION = 5.0;
				TARGETED_DEVICE_FAMILY = "1,2";
				TEST_TARGET_NAME = Life_in_Bible;
			};
			name = Release;
		};
/* End XCBuildConfiguration section */

/* Begin XCConfigurationList section */
		7A9CDAE623746292003D4FDF /* Build configuration list for PBXProject "Life_in_Bible" */ = {
			isa = XCConfigurationList;
			buildConfigurations = (
				7A9CDB1323746294003D4FDF /* Debug */,
				7A9CDB1423746294003D4FDF /* Release */,
			);
			defaultConfigurationIsVisible = 0;
			defaultConfigurationName = Release;
		};
		7A9CDB1523746294003D4FDF /* Build configuration list for PBXNativeTarget "Life_in_Bible" */ = {
			isa = XCConfigurationList;
			buildConfigurations = (
				7A9CDB1623746294003D4FDF /* Debug */,
				7A9CDB1723746294003D4FDF /* Release */,
			);
			defaultConfigurationIsVisible = 0;
			defaultConfigurationName = Release;
		};
		7A9CDB1823746294003D4FDF /* Build configuration list for PBXNativeTarget "Life_in_BibleTests" */ = {
			isa = XCConfigurationList;
			buildConfigurations = (
				7A9CDB1923746294003D4FDF /* Debug */,
				7A9CDB1A23746294003D4FDF /* Release */,
			);
			defaultConfigurationIsVisible = 0;
			defaultConfigurationName = Release;
		};
		7A9CDB1B23746294003D4FDF /* Build configuration list for PBXNativeTarget "Life_in_BibleUITests" */ = {
			isa = XCConfigurationList;
			buildConfigurations = (
				7A9CDB1C23746294003D4FDF /* Debug */,
				7A9CDB1D23746294003D4FDF /* Release */,
			);
			defaultConfigurationIsVisible = 0;
			defaultConfigurationName = Release;
		};
/* End XCConfigurationList section */
	};
	rootObject = 7A9CDAE323746292003D4FDF /* Project object */;
}
