// !$*UTF8*$!
{
	archiveVersion = 1;
	classes = {
	};
	objectVersion = 50;
	objects = {

/* Begin PBXBuildFile section */
		7A9CDAEF23746292003D4FDF /* AppDelegate.swift in Sources */ = {isa = PBXBuildFile; fileRef = 7A9CDAEE23746292003D4FDF /* AppDelegate.swift */; };
		7A9CDAF123746292003D4FDF /* SceneDelegate.swift in Sources */ = {isa = PBXBuildFile; fileRef = 7A9CDAF023746292003D4FDF /* SceneDelegate.swift */; };
		7A9CDAF323746292003D4FDF /* ViewController.swift in Sources */ = {isa = PBXBuildFile; fileRef = 7A9CDAF223746292003D4FDF /* ViewController.swift */; };
		7A9CDAF623746292003D4FDF /* Main.storyboard in Resources */ = {isa = PBXBuildFile; fileRef = 7A9CDAF423746292003D4FDF /* Main.storyboard */; };
		7A9CDAF823746294003D4FDF /* Assets.xcassets in Resources */ = {isa = PBXBuildFile; fileRef = 7A9CDAF723746294003D4FDF /* Assets.xcassets */; };
		7A9CDAFB23746294003D4FDF /* LaunchScreen.storyboard in Resources */ = {isa = PBXBuildFile; fileRef = 7A9CDAF923746294003D4FDF /* LaunchScreen.storyboard */; };
		7A9CDB0623746294003D4FDF /* Life_in_BibleTests.swift in Sources */ = {isa = PBXBuildFile; fileRef = 7A9CDB0523746294003D4FDF /* Life_in_BibleTests.swift */; };
		7A9CDB1123746294003D4FDF /* Life_in_BibleUITests.swift in Sources */ = {isa = PBXBuildFile; fileRef = 7A9CDB1023746294003D4FDF /* Life_in_BibleUITests.swift */; };
/* End PBXBuildFile section */

/* Begin PBXContainerItemProxy section */
		7A9CDB0223746294003D4FDF /* PBXContainerItemProxy */ = {
			isa = PBXContainerItemProxy;
			containerPortal = 7A9CDAE323746292003D4FDF /* Project object */;
			proxyType = 1;
			remoteGlobalIDString = 7A9CDAEA23746292003D4FDF;
			remoteInfo = Life_in_Bible;
		};
		7A9CDB0D23746294003D4FDF /* PBXContainerItemProxy */ = {
			isa = PBXContainerItemProxy;
			containerPortal = 7A9CDAE323746292003D4FDF /* Project object */;
			proxyType = 1;
			remoteGlobalIDString = 7A9CDAEA23746292003D4FDF;
			remoteInfo = Life_in_Bible;
		};
/* End PBXContainerItemProxy section */

/* Begin PBXFileReference section */
		7A9CDAEB23746292003D4FDF /* Life_in_Bible.app */ = {isa = PBXFileReference; explicitFileType = wrapper.application; includeInIndex = 0; path = Life_in_Bible.app; sourceTree = BUILT_PRODUCTS_DIR; };
		7A9CDAEE23746292003D4FDF /* AppDelegate.swift */ = {isa = PBXFileReference; lastKnownFileType = sourcecode.swift; path = AppDelegate.swift; sourceTree = "<group>"; };
		7A9CDAF023746292003D4FDF /* SceneDelegate.swift */ = {isa = PBXFileReference; lastKnownFileType = sourcecode.swift; path = SceneDelegate.swift; sourceTree = "<group>"; };
		7A9CDAF223746292003D4FDF /* ViewController.swift */ = {isa = PBXFileReference; lastKnownFileType = sourcecode.swift; path = ViewController.swift; sourceTree = "<group>"; };
		7A9CDAF523746292003D4FDF /* Base */ = {isa = PBXFileReference; lastKnownFileType = file.storyboard; name = Base; path = Base.lproj/Main.storyboard; sourceTree = "<group>"; };
		7A9CDAF723746294003D4FDF /* Assets.xcassets */ = {isa = PBXFileReference; lastKnownFileType = folder.assetcatalog; path = Assets.xcassets; sourceTree = "<group>"; };
		7A9CDAFA23746294003D4FDF /* Base */ = {isa = PBXFileReference; lastKnownFileType = file.storyboard; name = Base; path = Base.lproj/LaunchScreen.storyboard; sourceTree = "<group>"; };
		7A9CDAFC23746294003D4FDF /* Info.plist */ = {isa = PBXFileReference; lastKnownFileType = text.plist.xml; path = Info.plist; sourceTree = "<group>"; };
		7A9CDB0123746294003D4FDF /* Life_in_BibleTests.xctest */ = {isa = PBXFileReference; explicitFileType = wrapper.cfbundle; includeInIndex = 0; path = Life_in_BibleTests.xctest; sourceTree = BUILT_PRODUCTS_DIR; };
		7A9CDB0523746294003D4FDF /* Life_in_BibleTests.swift */ = {isa = PBXFileReference; lastKnownFileType = sourcecode.swift; path = Life_in_BibleTests.swift; sourceTree = "<group>"; };
		7A9CDB0723746294003D4FDF /* Info.plist */ = {isa = PBXFileReference; lastKnownFileType = text.plist.xml; path = Info.plist; sourceTree = "<group>"; };
		7A9CDB0C23746294003D4FDF /* Life_in_BibleUITests.xctest */ = {isa = PBXFileReference; explicitFileType = wrapper.cfbundle; includeInIndex = 0; path = Life_in_BibleUITests.xctest; sourceTree = BUILT_PRODUCTS_DIR; };
		7A9CDB1023746294003D4FDF /* Life_in_BibleUITests.swift */ = {isa = PBXFileReference; lastKnownFileType = sourcecode.swift; path = Life_in_BibleUITests.swift; sourceTree = "<group>"; };
		7A9CDB1223746294003D4FDF /* Info.plist */ = {isa = PBXFileReference; lastKnownFileType = text.plist.xml; path = Info.plist; sourceTree = "<group>"; };
/* End PBXFileReference section */

/* Begin PBXFrameworksBuildPhase section */
		7A9CDAE823746292003D4FDF /* Frameworks */ = {
			isa = PBXFrameworksBuildPhase;
			buildActionMask = 2147483647;
			files = (
			);
			runOnlyForDeploymentPostprocessing = 0;
		};
		7A9CDAFE23746294003D4FDF /* Frameworks */ = {
			isa = PBXFrameworksBuildPhase;
			buildActionMask = 2147483647;
			files = (
			);
			runOnlyForDeploymentPostprocessing = 0;
		};
		7A9CDB0923746294003D4FDF /* Frameworks */ = {
			isa = PBXFrameworksBuildPhase;
			buildActionMask = 2147483647;
			files = (
			);
			runOnlyForDeploymentPostprocessing = 0;
		};
/* End PBXFrameworksBuildPhase section */

/* Begin PBXGroup section */
		7A9CDAE223746292003D4FDF = {
			isa = PBXGroup;
			children = (
				7A9CDAED23746292003D4FDF /* Life_in_Bible */,
				7A9CDB0423746294003D4FDF /* Life_in_BibleTests */,
				7A9CDB0F23746294003D4FDF /* Life_in_BibleUITests */,
				7A9CDAEC23746292003D4FDF /* Products */,
			);
			sourceTree = "<group>";
		};
		7A9CDAEC23746292003D4FDF /* Products */ = {
			isa = PBXGroup;
			children = (
				7A9CDAEB23746292003D4FDF /* Life_in_Bible.app */,
				7A9CDB0123746294003D4FDF /* Life_in_BibleTests.xctest */,
				7A9CDB0C23746294003D4FDF /* Life_in_BibleUITests.xctest */,
			);
			name = Products;
			sourceTree = "<group>";
		};
		7A9CDAED23746292003D4FDF /* Life_in_Bible */ = {
			isa = PBXGroup;
			children = (
				7A9CDAEE23746292003D4FDF /* AppDelegate.swift */,
				7A9CDAF023746292003D4FDF /* SceneDelegate.swift */,
				7A9CDAF223746292003D4FDF /* ViewController.swift */,
				7A9CDAF423746292003D4FDF /* Main.storyboard */,
				7A9CDAF723746294003D4FDF /* Assets.xcassets */,
				7A9CDAF923746294003D4FDF /* LaunchScreen.storyboard */,
				7A9CDAFC23746294003D4FDF /* Info.plist */,
			);
			path = Life_in_Bible;
			sourceTree = "<group>";
		};
		7A9CDB0423746294003D4FDF /* Life_in_BibleTests */ = {
			isa = PBXGroup;
			children = (
				7A9CDB0523746294003D4FDF /* Life_in_BibleTests.swift */,
				7A9CDB0723746294003D4FDF /* Info.plist */,
			);
			path = Life_in_BibleTests;
			sourceTree = "<group>";
		};
		7A9CDB0F23746294003D4FDF /* Life_in_BibleUITests */ = {
			isa = PBXGroup;
			children = (
				7A9CDB1023746294003D4FDF /* Life_in_BibleUITests.swift */,
				7A9CDB1223746294003D4FDF /* Info.plist */,
			);
			path = Life_in_BibleUITests;
			sourceTree = "<group>";
		};
/* End PBXGroup section */

/* Begin PBXNativeTarget section */
		7A9CDAEA23746292003D4FDF /* Life_in_Bible */ = {
			isa = PBXNativeTarget;
			buildConfigurationList = 7A9CDB1523746294003D4FDF /* Build configuration list for PBXNativeTarget "Life_in_Bible" */;
			buildPhases = (
				7A9CDAE723746292003D4FDF /* Sources */,
				7A9CDAE823746292003D4FDF /* Frameworks */,
				7A9CDAE923746292003D4FDF /* Resources */,
			);
			buildRules = (
			);
			dependencies = (
			);
			name = Life_in_Bible;
			productName = Life_in_Bible;
			productReference = 7A9CDAEB23746292003D4FDF /* Life_in_Bible.app */;
			productType = "com.apple.product-type.application";
		};
		7A9CDB0023746294003D4FDF /* Life_in_BibleTests */ = {
			isa = PBXNativeTarget;
			buildConfigurationList = 7A9CDB1823746294003D4FDF /* Build configuration list for PBXNativeTarget "Life_in_BibleTests" */;
			buildPhases = (
				7A9CDAFD23746294003D4FDF /* Sources */,
				7A9CDAFE23746294003D4FDF /* Frameworks */,
				7A9CDAFF23746294003D4FDF /* Resources */,
			);
			buildRules = (
			);
			dependencies = (
				7A9CDB0323746294003D4FDF /* PBXTargetDependency */,
			);
			name = Life_in_BibleTests;
			productName = Life_in_BibleTests;
			productReference = 7A9CDB0123746294003D4FDF /* Life_in_BibleTests.xctest */;
			productType = "com.apple.product-type.bundle.unit-test";
		};
		7A9CDB0B23746294003D4FDF /* Life_in_BibleUITests */ = {
			isa = PBXNativeTarget;
			buildConfigurationList = 7A9CDB1B23746294003D4FDF /* Build configuration list for PBXNativeTarget "Life_in_BibleUITests" */;
			buildPhases = (
				7A9CDB0823746294003D4FDF /* Sources */,
				7A9CDB0923746294003D4FDF /* Frameworks */,
				7A9CDB0A23746294003D4FDF /* Resources */,
			);
			buildRules = (
			);
			dependencies = (
				7A9CDB0E23746294003D4FDF /* PBXTargetDependency */,
			);
			name = Life_in_BibleUITests;
			productName = Life_in_BibleUITests;
			productReference = 7A9CDB0C23746294003D4FDF /* Life_in_BibleUITests.xctest */;
			productType = "com.apple.product-type.bundle.ui-testing";
		};
/* End PBXNativeTarget section */

/* Begin PBXProject section */
		7A9CDAE323746292003D4FDF /* Project object */ = {
			isa = PBXProject;
			attributes = {
				LastSwiftUpdateCheck = 1100;
				LastUpgradeCheck = 1100;
				ORGANIZATIONNAME = "Mohammad Saiful Kabir";
				TargetAttributes = {
					7A9CDAEA23746292003D4FDF = {
						CreatedOnToolsVersion = 11.0;
					};
					7A9CDB0023746294003D4FDF = {
						CreatedOnToolsVersion = 11.0;
						TestTargetID = 7A9CDAEA23746292003D4FDF;
					};
					7A9CDB0B23746294003D4FDF = {
						CreatedOnToolsVersion = 11.0;
						TestTargetID = 7A9CDAEA23746292003D4FDF;
					};
				};
			};
			buildConfigurationList = 7A9CDAE623746292003D4FDF /* Build configuration list for PBXProject "Life_in_Bible" */;
			compatibilityVersion = "Xcode 9.3";
			developmentRegion = en;
			hasScannedForEncodings = 0;
			knownRegions = (
				en,
				Base,
			);
			mainGroup = 7A9CDAE223746292003D4FDF;
			productRefGroup = 7A9CDAEC23746292003D4FDF /* Products */;
			projectDirPath = "";
			projectRoot = "";
			targets = (
				7A9CDAEA23746292003D4FDF /* Life_in_Bible */,
				7A9CDB0023746294003D4FDF /* Life_in_BibleTests */,
				7A9CDB0B23746294003D4FDF /* Life_in_BibleUITests */,
			);
		};
/* End PBXProject section */

/* Begin PBXResourcesBuildPhase section */
		7A9CDAE923746292003D4FDF /* Resources */ = {
			isa = PBXResourcesBuildPhase;
			buildActionMask = 2147483647;
			files = (
				7A9CDAFB23746294003D4FDF /* LaunchScreen.storyboard in Resources */,
				7A9CDAF823746294003D4FDF /* Assets.xcassets in Resources */,
				7A9CDAF623746292003D4FDF /* Main.storyboard in Resources */,
			);
			runOnlyForDeploymentPostprocessing = 0;
		};
		7A9CDAFF23746294003D4FDF /* Resources */ = {
			isa = PBXResourcesBuildPhase;
			buildActionMask = 2147483647;
			files = (
			);
			runOnlyForDeploymentPostprocessing = 0;
		};
		7A9CDB0A23746294003D4FDF /* Resources */ = {
			isa = PBXResourcesBuildPhase;
			buildActionMask = 2147483647;
			files = (
			);
			runOnlyForDeploymentPostprocessing = 0;
		};
/* End PBXResourcesBuildPhase section */

/* Begin PBXSourcesBuildPhase section */
		7A9CDAE723746292003D4FDF /* Sources */ = {
			isa = PBXSourcesBuildPhase;
			buildActionMask = 2147483647;
			files = (
				7A9CDAF323746292003D4FDF /* ViewController.swift in Sources */,
				7A9CDAEF23746292003D4FDF /* AppDelegate.swift in Sources */,
				7A9CDAF123746292003D4FDF /* SceneDelegate.swift in Sources */,
			);
			runOnlyForDeploymentPostprocessing = 0;
		};
		7A9CDAFD23746294003D4FDF /* Sources */ = {
			isa = PBXSourcesBuildPhase;
			buildActionMask = 2147483647;
			files = (
				7A9CDB0623746294003D4FDF /* Life_in_BibleTests.swift in Sources */,
			);
			runOnlyForDeploymentPostprocessing = 0;
		};
		7A9CDB0823746294003D4FDF /* Sources */ = {
			isa = PBXSourcesBuildPhase;
			buildActionMask = 2147483647;
			files = (
				7A9CDB1123746294003D4FDF /* Life_in_BibleUITests.swift in Sources */,
			);
			runOnlyForDeploymentPostprocessing = 0;
		};
/* End PBXSourcesBuildPhase section */

/* Begin PBXTargetDependency section */
		7A9CDB0323746294003D4FDF /* PBXTargetDependency */ = {
			isa = PBXTargetDependency;
			target = 7A9CDAEA23746292003D4FDF /* Life_in_Bible */;
			targetProxy = 7A9CDB0223746294003D4FDF /* PBXContainerItemProxy */;
		};
		7A9CDB0E23746294003D4FDF /* PBXTargetDependency */ = {
			isa = PBXTargetDependency;
			target = 7A9CDAEA23746292003D4FDF /* Life_in_Bible */;
			targetProxy = 7A9CDB0D23746294003D4FDF /* PBXContainerItemProxy */;
		};
/* End PBXTargetDependency section */

/* Begin PBXVariantGroup section */
		7A9CDAF423746292003D4FDF /* Main.storyboard */ = {
			isa = PBXVariantGroup;
			children = (
				7A9CDAF523746292003D4FDF /* Base */,
			);
			name = Main.storyboard;
			sourceTree = "<group>";
		};
		7A9CDAF923746294003D4FDF /* LaunchScreen.storyboard */ = {
			isa = PBXVariantGroup;
			children = (
				7A9CDAFA23746294003D4FDF /* Base */,
			);
			name = LaunchScreen.storyboard;
			sourceTree = "<group>";
		};
/* End PBXVariantGroup section */

/* Begin XCBuildConfiguration section */
		7A9CDB1323746294003D4FDF /* Debug */ = {
			isa = XCBuildConfiguration;
			buildSettings = {
				ALWAYS_SEARCH_USER_PATHS = NO;
				CLANG_ANALYZER_NONNULL = YES;
				CLANG_ANALYZER_NUMBER_OBJECT_CONVERSION = YES_AGGRESSIVE;
				CLANG_CXX_LANGUAGE_STANDARD = "gnu++14";
				CLANG_CXX_LIBRARY = "libc++";
				CLANG_ENABLE_MODULES = YES;
				CLANG_ENABLE_OBJC_ARC = YES;
				CLANG_ENABLE_OBJC_WEAK = YES;
				CLANG_WARN_BLOCK_CAPTURE_AUTORELEASING = YES;
				CLANG_WARN_BOOL_CONVERSION = YES;
				CLANG_WARN_COMMA = YES;
				CLANG_WARN_CONSTANT_CONVERSION = YES;
				CLANG_WARN_DEPRECATED_OBJC_IMPLEMENTATIONS = YES;
				CLANG_WARN_DIRECT_OBJC_ISA_USAGE = YES_ERROR;
				CLANG_WARN_DOCUMENTATION_COMMENTS = YES;
				CLANG_WARN_EMPTY_BODY = YES;
				CLANG_WARN_ENUM_CONVERSION = YES;
				CLANG_WARN_INFINITE_RECURSION = YES;
				CLANG_WARN_INT_CONVERSION = YES;
				CLANG_WARN_NON_LITERAL_NULL_CONVERSION = YES;
				CLANG_WARN_OBJC_IMPLICIT_RETAIN_SELF = YES;
				CLANG_WARN_OBJC_LITERAL_CONVERSION = YES;
				CLANG_WARN_OBJC_ROOT_CLASS = YES_ERROR;
				CLANG_WARN_RANGE_LOOP_ANALYSIS = YES;
				CLANG_WARN_STRICT_PROTOTYPES = YES;
				CLANG_WARN_SUSPICIOUS_MOVE = YES;
				CLANG_WARN_UNGUARDED_AVAILABILITY = YES_AGGRESSIVE;
				CLANG_WARN_UNREACHABLE_CODE = YES;
				CLANG_WARN__DUPLICATE_METHOD_MATCH = YES;
				COPY_PHASE_STRIP = NO;
				DEBUG_INFORMATION_FORMAT = dwarf;
				ENABLE_STRICT_OBJC_MSGSEND = YES;
				ENABLE_TESTABILITY = YES;
				GCC_C_LANGUAGE_STANDARD = gnu11;
				GCC_DYNAMIC_NO_PIC = NO;
				GCC_NO_COMMON_BLOCKS = YES;
				GCC_OPTIMIZATION_LEVEL = 0;
				GCC_PREPROCESSOR_DEFINITIONS = (
					"DEBUG=1",
					"$(inherited)",
				);
				GCC_WARN_64_TO_32_BIT_CONVERSION = YES;
				GCC_WARN_ABOUT_RETURN_TYPE = YES_ERROR;
				GCC_WARN_UNDECLARED_SELECTOR = YES;
				GCC_WARN_UNINITIALIZED_AUTOS = YES_AGGRESSIVE;
				GCC_WARN_UNUSED_FUNCTION = YES;
				GCC_WARN_UNUSED_VARIABLE = YES;
				IPHONEOS_DEPLOYMENT_TARGET = 13.0;
				MTL_ENABLE_DEBUG_INFO = INCLUDE_SOURCE;
				MTL_FAST_MATH = YES;
				ONLY_ACTIVE_ARCH = YES;
				SDKROOT = iphoneos;
				SWIFT_ACTIVE_COMPILATION_CONDITIONS = DEBUG;
				SWIFT_OPTIMIZATION_LEVEL = "-Onone";
			};
			name = Debug;
		};
		7A9CDB1423746294003D4FDF /* Release */ = {
			isa = XCBuildConfiguration;
			buildSettings = {
				ALWAYS_SEARCH_USER_PATHS = NO;
				CLANG_ANALYZER_NONNULL = YES;
				CLANG_ANALYZER_NUMBER_OBJECT_CONVERSION = YES_AGGRESSIVE;
				CLANG_CXX_LANGUAGE_STANDARD = "gnu++14";
				CLANG_CXX_LIBRARY = "libc++";
				CLANG_ENABLE_MODULES = YES;
				CLANG_ENABLE_OBJC_ARC = YES;
				CLANG_ENABLE_OBJC_WEAK = YES;
				CLANG_WARN_BLOCK_CAPTURE_AUTORELEASING = YES;
				CLANG_WARN_BOOL_CONVERSION = YES;
				CLANG_WARN_COMMA = YES;
				CLANG_WARN_CONSTANT_CONVERSION = YES;
				CLANG_WARN_DEPRECATED_OBJC_IMPLEMENTATIONS = YES;
				CLANG_WARN_DIRECT_OBJC_ISA_USAGE = YES_ERROR;
				CLANG_WARN_DOCUMENTATION_COMMENTS = YES;
				CLANG_WARN_EMPTY_BODY = YES;
				CLANG_WARN_ENUM_CONVERSION = YES;
				CLANG_WARN_INFINITE_RECURSION = YES;
				CLANG_WARN_INT_CONVERSION = YES;
				CLANG_WARN_NON_LITERAL_NULL_CONVERSION = YES;
				CLANG_WARN_OBJC_IMPLICIT_RETAIN_SELF = YES;
				CLANG_WARN_OBJC_LITERAL_CONVERSION = YES;
				CLANG_WARN_OBJC_ROOT_CLASS = YES_ERROR;
				CLANG_WARN_RANGE_LOOP_ANALYSIS = YES;
				CLANG_WARN_STRICT_PROTOTYPES = YES;
				CLANG_WARN_SUSPICIOUS_MOVE = YES;
				CLANG_WARN_UNGUARDED_AVAILABILITY = YES_AGGRESSIVE;
				CLANG_WARN_UNREACHABLE_CODE = YES;
				CLANG_WARN__DUPLICATE_METHOD_MATCH = YES;
				COPY_PHASE_STRIP = NO;
				DEBUG_INFORMATION_FORMAT = "dwarf-with-dsym";
				ENABLE_NS_ASSERTIONS = NO;
				ENABLE_STRICT_OBJC_MSGSEND = YES;
				GCC_C_LANGUAGE_STANDARD = gnu11;
				GCC_NO_COMMON_BLOCKS = YES;
				GCC_WARN_64_TO_32_BIT_CONVERSION = YES;
				GCC_WARN_ABOUT_RETURN_TYPE = YES_ERROR;
				GCC_WARN_UNDECLARED_SELECTOR = YES;
				GCC_WARN_UNINITIALIZED_AUTOS = YES_AGGRESSIVE;
				GCC_WARN_UNUSED_FUNCTION = YES;
				GCC_WARN_UNUSED_VARIABLE = YES;
				IPHONEOS_DEPLOYMENT_TARGET = 13.0;
				MTL_ENABLE_DEBUG_INFO = NO;
				MTL_FAST_MATH = YES;
				SDKROOT = iphoneos;
				SWIFT_COMPILATION_MODE = wholemodule;
				SWIFT_OPTIMIZATION_LEVEL = "-O";
				VALIDATE_PRODUCT = YES;
			};
			name = Release;
		};
		7A9CDB1623746294003D4FDF /* Debug */ = {
			isa = XCBuildConfiguration;
			buildSettings = {
				ASSETCATALOG_COMPILER_APPICON_NAME = AppIcon;
				CODE_SIGN_STYLE = Automatic;
				INFOPLIST_FILE = Life_in_Bible/Info.plist;
				LD_RUNPATH_SEARCH_PATHS = (
					"$(inherited)",
					"@executable_path/Frameworks",
				);
				PRODUCT_BUNDLE_IDENTIFIER = "Ipl.Life-in-Bible";
				PRODUCT_NAME = "$(TARGET_NAME)";
				SWIFT_VERSION = 5.0;
				TARGETED_DEVICE_FAMILY = "1,2";
			};
			name = Debug;
		};
		7A9CDB1723746294003D4FDF /* Release */ = {
			isa = XCBuildConfiguration;
			buildSettings = {
				ASSETCATALOG_COMPILER_APPICON_NAME = AppIcon;
				CODE_SIGN_STYLE = Automatic;
				INFOPLIST_FILE = Life_in_Bible/Info.plist;
				LD_RUNPATH_SEARCH_PATHS = (
					"$(inherited)",
					"@executable_path/Frameworks",
				);
				PRODUCT_BUNDLE_IDENTIFIER = "Ipl.Life-in-Bible";
				PRODUCT_NAME = "$(TARGET_NAME)";
				SWIFT_VERSION = 5.0;
				TARGETED_DEVICE_FAMILY = "1,2";
			};
			name = Release;
		};
		7A9CDB1923746294003D4FDF /* Debug */ = {
			isa = XCBuildConfiguration;
			buildSettings = {
				ALWAYS_EMBED_SWIFT_STANDARD_LIBRARIES = YES;
				BUNDLE_LOADER = "$(TEST_HOST)";
				CODE_SIGN_STYLE = Automatic;
				INFOPLIST_FILE = Life_in_BibleTests/Info.plist;
				IPHONEOS_DEPLOYMENT_TARGET = 13.0;
				LD_RUNPATH_SEARCH_PATHS = (
					"$(inherited)",
					"@executable_path/Frameworks",
					"@loader_path/Frameworks",
				);
				PRODUCT_BUNDLE_IDENTIFIER = "Ipl.Life-in-BibleTests";
				PRODUCT_NAME = "$(TARGET_NAME)";
				SWIFT_VERSION = 5.0;
				TARGETED_DEVICE_FAMILY = "1,2";
				TEST_HOST = "$(BUILT_PRODUCTS_DIR)/Life_in_Bible.app/Life_in_Bible";
			};
			name = Debug;
		};
		7A9CDB1A23746294003D4FDF /* Release */ = {
			isa = XCBuildConfiguration;
			buildSettings = {
				ALWAYS_EMBED_SWIFT_STANDARD_LIBRARIES = YES;
				BUNDLE_LOADER = "$(TEST_HOST)";
				CODE_SIGN_STYLE = Automatic;
				INFOPLIST_FILE = Life_in_BibleTests/Info.plist;
				IPHONEOS_DEPLOYMENT_TARGET = 13.0;
				LD_RUNPATH_SEARCH_PATHS = (
					"$(inherited)",
					"@executable_path/Frameworks",
					"@loader_path/Frameworks",
				);
				PRODUCT_BUNDLE_IDENTIFIER = "Ipl.Life-in-BibleTests";
				PRODUCT_NAME = "$(TARGET_NAME)";
				SWIFT_VERSION = 5.0;
				TARGETED_DEVICE_FAMILY = "1,2";
				TEST_HOST = "$(BUILT_PRODUCTS_DIR)/Life_in_Bible.app/Life_in_Bible";
			};
			name = Release;
		};
		7A9CDB1C23746294003D4FDF /* Debug */ = {
			isa = XCBuildConfiguration;
			buildSettings = {
				ALWAYS_EMBED_SWIFT_STANDARD_LIBRARIES = YES;
				CODE_SIGN_STYLE = Automatic;
				INFOPLIST_FILE = Life_in_BibleUITests/Info.plist;
				LD_RUNPATH_SEARCH_PATHS = (
					"$(inherited)",
					"@executable_path/Frameworks",
					"@loader_path/Frameworks",
				);
				PRODUCT_BUNDLE_IDENTIFIER = "Ipl.Life-in-BibleUITests";
				PRODUCT_NAME = "$(TARGET_NAME)";
				SWIFT_VERSION = 5.0;
				TARGETED_DEVICE_FAMILY = "1,2";
				TEST_TARGET_NAME = Life_in_Bible;
			};
			name = Debug;
		};
		7A9CDB1D23746294003D4FDF /* Release */ = {
			isa = XCBuildConfiguration;
			buildSettings = {
				ALWAYS_EMBED_SWIFT_STANDARD_LIBRARIES = YES;
				CODE_SIGN_STYLE = Automatic;
				INFOPLIST_FILE = Life_in_BibleUITests/Info.plist;
				LD_RUNPATH_SEARCH_PATHS = (
					"$(inherited)",
					"@executable_path/Frameworks",
					"@loader_path/Frameworks",
				);
				PRODUCT_BUNDLE_IDENTIFIER = "Ipl.Life-in-BibleUITests";
				PRODUCT_NAME = "$(TARGET_NAME)";
				SWIFT_VERSION = 5.0;
				TARGETED_DEVICE_FAMILY = "1,2";
				TEST_TARGET_NAME = Life_in_Bible;
			};
			name = Release;
		};
/* End XCBuildConfiguration section */

/* Begin XCConfigurationList section */
		7A9CDAE623746292003D4FDF /* Build configuration list for PBXProject "Life_in_Bible" */ = {
			isa = XCConfigurationList;
			buildConfigurations = (
				7A9CDB1323746294003D4FDF /* Debug */,
				7A9CDB1423746294003D4FDF /* Release */,
			);
			defaultConfigurationIsVisible = 0;
			defaultConfigurationName = Release;
		};
		7A9CDB1523746294003D4FDF /* Build configuration list for PBXNativeTarget "Life_in_Bible" */ = {
			isa = XCConfigurationList;
			buildConfigurations = (
				7A9CDB1623746294003D4FDF /* Debug */,
				7A9CDB1723746294003D4FDF /* Release */,
			);
			defaultConfigurationIsVisible = 0;
			defaultConfigurationName = Release;
		};
		7A9CDB1823746294003D4FDF /* Build configuration list for PBXNativeTarget "Life_in_BibleTests" */ = {
			isa = XCConfigurationList;
			buildConfigurations = (
				7A9CDB1923746294003D4FDF /* Debug */,
				7A9CDB1A23746294003D4FDF /* Release */,
			);
			defaultConfigurationIsVisible = 0;
			defaultConfigurationName = Release;
		};
		7A9CDB1B23746294003D4FDF /* Build configuration list for PBXNativeTarget "Life_in_BibleUITests" */ = {
			isa = XCConfigurationList;
			buildConfigurations = (
				7A9CDB1C23746294003D4FDF /* Debug */,
				7A9CDB1D23746294003D4FDF /* Release */,
			);
			defaultConfigurationIsVisible = 0;
			defaultConfigurationName = Release;
		};
/* End XCConfigurationList section */
	};
	rootObject = 7A9CDAE323746292003D4FDF /* Project object */;
}
